
Microsoft Visual Studio Solution File, Format Version 12.00
# Visual Studio 15
VisualStudioVersion = 15.0.28010.2050
MinimumVisualStudioVersion = 10.0.40219.1
Project("{FAE04EC0-301F-11D3-BF4B-00C04F79EFBC}") = "GVM", "GVM\GVM.csproj", "{B85D3E15-64C6-4A60-A2D3-6C517DA5BD14}"
EndProject
Project("{FAE04EC0-301F-11D3-BF4B-00C04F79EFBC}") = "Tests", "Tests\Tests.csproj", "{FC9EA722-BA21-4FD2-87BD-7E47243E3112}"
EndProject
Global
	GlobalSection(SolutionConfigurationPlatforms) = preSolution
		Debug|Any CPU = Debug|Any CPU
		Release|Any CPU = Release|Any CPU
	EndGlobalSection
	GlobalSection(ProjectConfigurationPlatforms) = postSolution
		{B85D3E15-64C6-4A60-A2D3-6C517DA5BD14}.Debug|Any CPU.ActiveCfg = Debug|Any CPU
		{B85D3E15-64C6-4A60-A2D3-6C517DA5BD14}.Debug|Any CPU.Build.0 = Debug|Any CPU
		{B85D3E15-64C6-4A60-A2D3-6C517DA5BD14}.Release|Any CPU.ActiveCfg = Release|Any CPU
		{B85D3E15-64C6-4A60-A2D3-6C517DA5BD14}.Release|Any CPU.Build.0 = Release|Any CPU
		{FC9EA722-BA21-4FD2-87BD-7E47243E3112}.Debug|Any CPU.ActiveCfg = Debug|Any CPU
		{FC9EA722-BA21-4FD2-87BD-7E47243E3112}.Debug|Any CPU.Build.0 = Debug|Any CPU
		{FC9EA722-BA21-4FD2-87BD-7E47243E3112}.Release|Any CPU.ActiveCfg = Release|Any CPU
		{FC9EA722-BA21-4FD2-87BD-7E47243E3112}.Release|Any CPU.Build.0 = Release|Any CPU
	EndGlobalSection
	GlobalSection(SolutionProperties) = preSolution
		HideSolutionNode = FALSE
	EndGlobalSection
	GlobalSection(ExtensibilityGlobals) = postSolution
		SolutionGuid = {F572463D-AAAE-4AC2-B861-F77F74A2DABE}
	EndGlobalSection
EndGlobal
